// !$*UTF8*$!
{
	archiveVersion = 1;
	classes = {
	};
	objectVersion = 46;
	objects = {

/* Begin PBXBuildFile section */
		A17A3E3D1D8A687300BE7A9C /* AppDelegate.swift in Sources */ = {isa = PBXBuildFile; fileRef = A17A3E3C1D8A687300BE7A9C /* AppDelegate.swift */; };
		A17A3E3F1D8A687300BE7A9C /* ViewController.swift in Sources */ = {isa = PBXBuildFile; fileRef = A17A3E3E1D8A687300BE7A9C /* ViewController.swift */; };
		A17A3E421D8A687300BE7A9C /* Main.storyboard in Resources */ = {isa = PBXBuildFile; fileRef = A17A3E401D8A687300BE7A9C /* Main.storyboard */; };
		A17A3E441D8A687300BE7A9C /* Assets.xcassets in Resources */ = {isa = PBXBuildFile; fileRef = A17A3E431D8A687300BE7A9C /* Assets.xcassets */; };
		A17A3E471D8A687300BE7A9C /* LaunchScreen.storyboard in Resources */ = {isa = PBXBuildFile; fileRef = A17A3E451D8A687300BE7A9C /* LaunchScreen.storyboard */; };
		A17A3E521D8A687300BE7A9C /* tippyTests.swift in Sources */ = {isa = PBXBuildFile; fileRef = A17A3E511D8A687300BE7A9C /* tippyTests.swift */; };
		A17A3E5D1D8A687300BE7A9C /* tippyUITests.swift in Sources */ = {isa = PBXBuildFile; fileRef = A17A3E5C1D8A687300BE7A9C /* tippyUITests.swift */; };
/* End PBXBuildFile section */

/* Begin PBXContainerItemProxy section */
		A17A3E4E1D8A687300BE7A9C /* PBXContainerItemProxy */ = {
			isa = PBXContainerItemProxy;
			containerPortal = A17A3E311D8A687200BE7A9C /* Project object */;
			proxyType = 1;
			remoteGlobalIDString = A17A3E381D8A687300BE7A9C;
			remoteInfo = tippy;
		};
		A17A3E591D8A687300BE7A9C /* PBXContainerItemProxy */ = {
			isa = PBXContainerItemProxy;
			containerPortal = A17A3E311D8A687200BE7A9C /* Project object */;
			proxyType = 1;
			remoteGlobalIDString = A17A3E381D8A687300BE7A9C;
			remoteInfo = tippy;
		};
/* End PBXContainerItemProxy section */

/* Begin PBXFileReference section */
		A17A3E391D8A687300BE7A9C /* tippy.app */ = {isa = PBXFileReference; explicitFileType = wrapper.application; includeInIndex = 0; path = tippy.app; sourceTree = BUILT_PRODUCTS_DIR; };
		A17A3E3C1D8A687300BE7A9C /* AppDelegate.swift */ = {isa = PBXFileReference; lastKnownFileType = sourcecode.swift; path = AppDelegate.swift; sourceTree = "<group>"; };
		A17A3E3E1D8A687300BE7A9C /* ViewController.swift */ = {isa = PBXFileReference; lastKnownFileType = sourcecode.swift; path = ViewController.swift; sourceTree = "<group>"; };
		A17A3E411D8A687300BE7A9C /* Base */ = {isa = PBXFileReference; lastKnownFileType = file.storyboard; name = Base; path = Base.lproj/Main.storyboard; sourceTree = "<group>"; };
		A17A3E431D8A687300BE7A9C /* Assets.xcassets */ = {isa = PBXFileReference; lastKnownFileType = folder.assetcatalog; path = Assets.xcassets; sourceTree = "<group>"; };
		A17A3E461D8A687300BE7A9C /* Base */ = {isa = PBXFileReference; lastKnownFileType = file.storyboard; name = Base; path = Base.lproj/LaunchScreen.storyboard; sourceTree = "<group>"; };
		A17A3E481D8A687300BE7A9C /* Info.plist */ = {isa = PBXFileReference; lastKnownFileType = text.plist.xml; path = Info.plist; sourceTree = "<group>"; };
		A17A3E4D1D8A687300BE7A9C /* tippyTests.xctest */ = {isa = PBXFileReference; explicitFileType = wrapper.cfbundle; includeInIndex = 0; path = tippyTests.xctest; sourceTree = BUILT_PRODUCTS_DIR; };
		A17A3E511D8A687300BE7A9C /* tippyTests.swift */ = {isa = PBXFileReference; lastKnownFileType = sourcecode.swift; path = tippyTests.swift; sourceTree = "<group>"; };
		A17A3E531D8A687300BE7A9C /* Info.plist */ = {isa = PBXFileReference; lastKnownFileType = text.plist.xml; path = Info.plist; sourceTree = "<group>"; };
		A17A3E581D8A687300BE7A9C /* tippyUITests.xctest */ = {isa = PBXFileReference; explicitFileType = wrapper.cfbundle; includeInIndex = 0; path = tippyUITests.xctest; sourceTree = BUILT_PRODUCTS_DIR; };
		A17A3E5C1D8A687300BE7A9C /* tippyUITests.swift */ = {isa = PBXFileReference; lastKnownFileType = sourcecode.swift; path = tippyUITests.swift; sourceTree = "<group>"; };
		A17A3E5E1D8A687300BE7A9C /* Info.plist */ = {isa = PBXFileReference; lastKnownFileType = text.plist.xml; path = Info.plist; sourceTree = "<group>"; };
/* End PBXFileReference section */

/* Begin PBXFrameworksBuildPhase section */
		A17A3E361D8A687300BE7A9C /* Frameworks */ = {
			isa = PBXFrameworksBuildPhase;
			buildActionMask = 2147483647;
			files = (
			);
			runOnlyForDeploymentPostprocessing = 0;
		};
		A17A3E4A1D8A687300BE7A9C /* Frameworks */ = {
			isa = PBXFrameworksBuildPhase;
			buildActionMask = 2147483647;
			files = (
			);
			runOnlyForDeploymentPostprocessing = 0;
		};
		A17A3E551D8A687300BE7A9C /* Frameworks */ = {
			isa = PBXFrameworksBuildPhase;
			buildActionMask = 2147483647;
			files = (
			);
			runOnlyForDeploymentPostprocessing = 0;
		};
/* End PBXFrameworksBuildPhase section */

/* Begin PBXGroup section */
		A17A3E301D8A687200BE7A9C = {
			isa = PBXGroup;
			children = (
				A17A3E3B1D8A687300BE7A9C /* tippy */,
				A17A3E501D8A687300BE7A9C /* tippyTests */,
				A17A3E5B1D8A687300BE7A9C /* tippyUITests */,
				A17A3E3A1D8A687300BE7A9C /* Products */,
			);
			sourceTree = "<group>";
		};
		A17A3E3A1D8A687300BE7A9C /* Products */ = {
			isa = PBXGroup;
			children = (
				A17A3E391D8A687300BE7A9C /* tippy.app */,
				A17A3E4D1D8A687300BE7A9C /* tippyTests.xctest */,
				A17A3E581D8A687300BE7A9C /* tippyUITests.xctest */,
			);
			name = Products;
			sourceTree = "<group>";
		};
		A17A3E3B1D8A687300BE7A9C /* tippy */ = {
			isa = PBXGroup;
			children = (
				A17A3E3C1D8A687300BE7A9C /* AppDelegate.swift */,
				A17A3E3E1D8A687300BE7A9C /* ViewController.swift */,
				A17A3E401D8A687300BE7A9C /* Main.storyboard */,
				A17A3E431D8A687300BE7A9C /* Assets.xcassets */,
				A17A3E451D8A687300BE7A9C /* LaunchScreen.storyboard */,
				A17A3E481D8A687300BE7A9C /* Info.plist */,
			);
			path = tippy;
			sourceTree = "<group>";
		};
		A17A3E501D8A687300BE7A9C /* tippyTests */ = {
			isa = PBXGroup;
			children = (
				A17A3E511D8A687300BE7A9C /* tippyTests.swift */,
				A17A3E531D8A687300BE7A9C /* Info.plist */,
			);
			path = tippyTests;
			sourceTree = "<group>";
		};
		A17A3E5B1D8A687300BE7A9C /* tippyUITests */ = {
			isa = PBXGroup;
			children = (
				A17A3E5C1D8A687300BE7A9C /* tippyUITests.swift */,
				A17A3E5E1D8A687300BE7A9C /* Info.plist */,
			);
			path = tippyUITests;
			sourceTree = "<group>";
		};
/* End PBXGroup section */

/* Begin PBXNativeTarget section */
		A17A3E381D8A687300BE7A9C /* tippy */ = {
			isa = PBXNativeTarget;
			buildConfigurationList = A17A3E611D8A687300BE7A9C /* Build configuration list for PBXNativeTarget "tippy" */;
			buildPhases = (
				A17A3E351D8A687300BE7A9C /* Sources */,
				A17A3E361D8A687300BE7A9C /* Frameworks */,
				A17A3E371D8A687300BE7A9C /* Resources */,
			);
			buildRules = (
			);
			dependencies = (
			);
			name = tippy;
			productName = tippy;
			productReference = A17A3E391D8A687300BE7A9C /* tippy.app */;
			productType = "com.apple.product-type.application";
		};
		A17A3E4C1D8A687300BE7A9C /* tippyTests */ = {
			isa = PBXNativeTarget;
			buildConfigurationList = A17A3E641D8A687300BE7A9C /* Build configuration list for PBXNativeTarget "tippyTests" */;
			buildPhases = (
				A17A3E491D8A687300BE7A9C /* Sources */,
				A17A3E4A1D8A687300BE7A9C /* Frameworks */,
				A17A3E4B1D8A687300BE7A9C /* Resources */,
			);
			buildRules = (
			);
			dependencies = (
				A17A3E4F1D8A687300BE7A9C /* PBXTargetDependency */,
			);
			name = tippyTests;
			productName = tippyTests;
			productReference = A17A3E4D1D8A687300BE7A9C /* tippyTests.xctest */;
			productType = "com.apple.product-type.bundle.unit-test";
		};
		A17A3E571D8A687300BE7A9C /* tippyUITests */ = {
			isa = PBXNativeTarget;
			buildConfigurationList = A17A3E671D8A687300BE7A9C /* Build configuration list for PBXNativeTarget "tippyUITests" */;
			buildPhases = (
				A17A3E541D8A687300BE7A9C /* Sources */,
				A17A3E551D8A687300BE7A9C /* Frameworks */,
				A17A3E561D8A687300BE7A9C /* Resources */,
			);
			buildRules = (
			);
			dependencies = (
				A17A3E5A1D8A687300BE7A9C /* PBXTargetDependency */,
			);
			name = tippyUITests;
			productName = tippyUITests;
			productReference = A17A3E581D8A687300BE7A9C /* tippyUITests.xctest */;
			productType = "com.apple.product-type.bundle.ui-testing";
		};
/* End PBXNativeTarget section */

/* Begin PBXProject section */
		A17A3E311D8A687200BE7A9C /* Project object */ = {
			isa = PBXProject;
			attributes = {
				LastSwiftUpdateCheck = 0730;
				LastUpgradeCheck = 0730;
				ORGANIZATIONNAME = "Chenran Gong";
				TargetAttributes = {
					A17A3E381D8A687300BE7A9C = {
						CreatedOnToolsVersion = 7.3.1;
					};
					A17A3E4C1D8A687300BE7A9C = {
						CreatedOnToolsVersion = 7.3.1;
						TestTargetID = A17A3E381D8A687300BE7A9C;
					};
					A17A3E571D8A687300BE7A9C = {
						CreatedOnToolsVersion = 7.3.1;
						TestTargetID = A17A3E381D8A687300BE7A9C;
					};
				};
			};
			buildConfigurationList = A17A3E341D8A687200BE7A9C /* Build configuration list for PBXProject "tippy" */;
			compatibilityVersion = "Xcode 3.2";
			developmentRegion = English;
			hasScannedForEncodings = 0;
			knownRegions = (
				en,
				Base,
			);
			mainGroup = A17A3E301D8A687200BE7A9C;
			productRefGroup = A17A3E3A1D8A687300BE7A9C /* Products */;
			projectDirPath = "";
			projectRoot = "";
			targets = (
				A17A3E381D8A687300BE7A9C /* tippy */,
				A17A3E4C1D8A687300BE7A9C /* tippyTests */,
				A17A3E571D8A687300BE7A9C /* tippyUITests */,
			);
		};
/* End PBXProject section */

/* Begin PBXResourcesBuildPhase section */
		A17A3E371D8A687300BE7A9C /* Resources */ = {
			isa = PBXResourcesBuildPhase;
			buildActionMask = 2147483647;
			files = (
				A17A3E471D8A687300BE7A9C /* LaunchScreen.storyboard in Resources */,
				A17A3E441D8A687300BE7A9C /* Assets.xcassets in Resources */,
				A17A3E421D8A687300BE7A9C /* Main.storyboard in Resources */,
			);
			runOnlyForDeploymentPostprocessing = 0;
		};
		A17A3E4B1D8A687300BE7A9C /* Resources */ = {
			isa = PBXResourcesBuildPhase;
			buildActionMask = 2147483647;
			files = (
			);
			runOnlyForDeploymentPostprocessing = 0;
		};
		A17A3E561D8A687300BE7A9C /* Resources */ = {
			isa = PBXResourcesBuildPhase;
			buildActionMask = 2147483647;
			files = (
			);
			runOnlyForDeploymentPostprocessing = 0;
		};
/* End PBXResourcesBuildPhase section */

/* Begin PBXSourcesBuildPhase section */
		A17A3E351D8A687300BE7A9C /* Sources */ = {
			isa = PBXSourcesBuildPhase;
			buildActionMask = 2147483647;
			files = (
				A17A3E3F1D8A687300BE7A9C /* ViewController.swift in Sources */,
				A17A3E3D1D8A687300BE7A9C /* AppDelegate.swift in Sources */,
			);
			runOnlyForDeploymentPostprocessing = 0;
		};
		A17A3E491D8A687300BE7A9C /* Sources */ = {
			isa = PBXSourcesBuildPhase;
			buildActionMask = 2147483647;
			files = (
				A17A3E521D8A687300BE7A9C /* tippyTests.swift in Sources */,
			);
			runOnlyForDeploymentPostprocessing = 0;
		};
		A17A3E541D8A687300BE7A9C /* Sources */ = {
			isa = PBXSourcesBuildPhase;
			buildActionMask = 2147483647;
			files = (
				A17A3E5D1D8A687300BE7A9C /* tippyUITests.swift in Sources */,
			);
			runOnlyForDeploymentPostprocessing = 0;
		};
/* End PBXSourcesBuildPhase section */

/* Begin PBXTargetDependency section */
		A17A3E4F1D8A687300BE7A9C /* PBXTargetDependency */ = {
			isa = PBXTargetDependency;
			target = A17A3E381D8A687300BE7A9C /* tippy */;
			targetProxy = A17A3E4E1D8A687300BE7A9C /* PBXContainerItemProxy */;
		};
		A17A3E5A1D8A687300BE7A9C /* PBXTargetDependency */ = {
			isa = PBXTargetDependency;
			target = A17A3E381D8A687300BE7A9C /* tippy */;
			targetProxy = A17A3E591D8A687300BE7A9C /* PBXContainerItemProxy */;
		};
/* End PBXTargetDependency section */

/* Begin PBXVariantGroup section */
		A17A3E401D8A687300BE7A9C /* Main.storyboard */ = {
			isa = PBXVariantGroup;
			children = (
				A17A3E411D8A687300BE7A9C /* Base */,
			);
			name = Main.storyboard;
			sourceTree = "<group>";
		};
		A17A3E451D8A687300BE7A9C /* LaunchScreen.storyboard */ = {
			isa = PBXVariantGroup;
			children = (
				A17A3E461D8A687300BE7A9C /* Base */,
			);
			name = LaunchScreen.storyboard;
			sourceTree = "<group>";
		};
/* End PBXVariantGroup section */

/* Begin XCBuildConfiguration section */
		A17A3E5F1D8A687300BE7A9C /* Debug */ = {
			isa = XCBuildConfiguration;
			buildSettings = {
				ALWAYS_SEARCH_USER_PATHS = NO;
				CLANG_ANALYZER_NONNULL = YES;
				CLANG_CXX_LANGUAGE_STANDARD = "gnu++0x";
				CLANG_CXX_LIBRARY = "libc++";
				CLANG_ENABLE_MODULES = YES;
				CLANG_ENABLE_OBJC_ARC = YES;
				CLANG_WARN_BOOL_CONVERSION = YES;
				CLANG_WARN_CONSTANT_CONVERSION = YES;
				CLANG_WARN_DIRECT_OBJC_ISA_USAGE = YES_ERROR;
				CLANG_WARN_EMPTY_BODY = YES;
				CLANG_WARN_ENUM_CONVERSION = YES;
				CLANG_WARN_INT_CONVERSION = YES;
				CLANG_WARN_OBJC_ROOT_CLASS = YES_ERROR;
				CLANG_WARN_UNREACHABLE_CODE = YES;
				CLANG_WARN__DUPLICATE_METHOD_MATCH = YES;
				"CODE_SIGN_IDENTITY[sdk=iphoneos*]" = "iPhone Developer";
				COPY_PHASE_STRIP = NO;
				DEBUG_INFORMATION_FORMAT = dwarf;
				ENABLE_STRICT_OBJC_MSGSEND = YES;
				ENABLE_TESTABILITY = YES;
				GCC_C_LANGUAGE_STANDARD = gnu99;
				GCC_DYNAMIC_NO_PIC = NO;
				GCC_NO_COMMON_BLOCKS = YES;
				GCC_OPTIMIZATION_LEVEL = 0;
				GCC_PREPROCESSOR_DEFINITIONS = (
					"DEBUG=1",
					"$(inherited)",
				);
				GCC_WARN_64_TO_32_BIT_CONVERSION = YES;
				GCC_WARN_ABOUT_RETURN_TYPE = YES_ERROR;
				GCC_WARN_UNDECLARED_SELECTOR = YES;
				GCC_WARN_UNINITIALIZED_AUTOS = YES_AGGRESSIVE;
				GCC_WARN_UNUSED_FUNCTION = YES;
				GCC_WARN_UNUSED_VARIABLE = YES;
				IPHONEOS_DEPLOYMENT_TARGET = 9.3;
				MTL_ENABLE_DEBUG_INFO = YES;
				ONLY_ACTIVE_ARCH = YES;
				SDKROOT = iphoneos;
				SWIFT_OPTIMIZATION_LEVEL = "-Onone";
			};
			name = Debug;
		};
		A17A3E601D8A687300BE7A9C /* Release */ = {
			isa = XCBuildConfiguration;
			buildSettings = {
				ALWAYS_SEARCH_USER_PATHS = NO;
				CLANG_ANALYZER_NONNULL = YES;
				CLANG_CXX_LANGUAGE_STANDARD = "gnu++0x";
				CLANG_CXX_LIBRARY = "libc++";
				CLANG_ENABLE_MODULES = YES;
				CLANG_ENABLE_OBJC_ARC = YES;
				CLANG_WARN_BOOL_CONVERSION = YES;
				CLANG_WARN_CONSTANT_CONVERSION = YES;
				CLANG_WARN_DIRECT_OBJC_ISA_USAGE = YES_ERROR;
				CLANG_WARN_EMPTY_BODY = YES;
				CLANG_WARN_ENUM_CONVERSION = YES;
				CLANG_WARN_INT_CONVERSION = YES;
				CLANG_WARN_OBJC_ROOT_CLASS = YES_ERROR;
				CLANG_WARN_UNREACHABLE_CODE = YES;
				CLANG_WARN__DUPLICATE_METHOD_MATCH = YES;
				"CODE_SIGN_IDENTITY[sdk=iphoneos*]" = "iPhone Developer";
				COPY_PHASE_STRIP = NO;
				DEBUG_INFORMATION_FORMAT = "dwarf-with-dsym";
				ENABLE_NS_ASSERTIONS = NO;
				ENABLE_STRICT_OBJC_MSGSEND = YES;
				GCC_C_LANGUAGE_STANDARD = gnu99;
				GCC_NO_COMMON_BLOCKS = YES;
				GCC_WARN_64_TO_32_BIT_CONVERSION = YES;
				GCC_WARN_ABOUT_RETURN_TYPE = YES_ERROR;
				GCC_WARN_UNDECLARED_SELECTOR = YES;
				GCC_WARN_UNINITIALIZED_AUTOS = YES_AGGRESSIVE;
				GCC_WARN_UNUSED_FUNCTION = YES;
				GCC_WARN_UNUSED_VARIABLE = YES;
				IPHONEOS_DEPLOYMENT_TARGET = 9.3;
				MTL_ENABLE_DEBUG_INFO = NO;
				SDKROOT = iphoneos;
				VALIDATE_PRODUCT = YES;
			};
			name = Release;
		};
		A17A3E621D8A687300BE7A9C /* Debug */ = {
			isa = XCBuildConfiguration;
			buildSettings = {
				ASSETCATALOG_COMPILER_APPICON_NAME = AppIcon;
				INFOPLIST_FILE = tippy/Info.plist;
				LD_RUNPATH_SEARCH_PATHS = "$(inherited) @executable_path/Frameworks";
				PRODUCT_BUNDLE_IDENTIFIER = chenrangong.tippy;
				PRODUCT_NAME = "$(TARGET_NAME)";
			};
			name = Debug;
		};
		A17A3E631D8A687300BE7A9C /* Release */ = {
			isa = XCBuildConfiguration;
			buildSettings = {
				ASSETCATALOG_COMPILER_APPICON_NAME = AppIcon;
				INFOPLIST_FILE = tippy/Info.plist;
				LD_RUNPATH_SEARCH_PATHS = "$(inherited) @executable_path/Frameworks";
				PRODUCT_BUNDLE_IDENTIFIER = chenrangong.tippy;
				PRODUCT_NAME = "$(TARGET_NAME)";
			};
			name = Release;
		};
		A17A3E651D8A687300BE7A9C /* Debug */ = {
			isa = XCBuildConfiguration;
			buildSettings = {
				BUNDLE_LOADER = "$(TEST_HOST)";
				INFOPLIST_FILE = tippyTests/Info.plist;
				LD_RUNPATH_SEARCH_PATHS = "$(inherited) @executable_path/Frameworks @loader_path/Frameworks";
				PRODUCT_BUNDLE_IDENTIFIER = chenrangong.tippyTests;
				PRODUCT_NAME = "$(TARGET_NAME)";
				TEST_HOST = "$(BUILT_PRODUCTS_DIR)/tippy.app/tippy";
			};
			name = Debug;
		};
		A17A3E661D8A687300BE7A9C /* Release */ = {
			isa = XCBuildConfiguration;
			buildSettings = {
				BUNDLE_LOADER = "$(TEST_HOST)";
				INFOPLIST_FILE = tippyTests/Info.plist;
				LD_RUNPATH_SEARCH_PATHS = "$(inherited) @executable_path/Frameworks @loader_path/Frameworks";
				PRODUCT_BUNDLE_IDENTIFIER = chenrangong.tippyTests;
				PRODUCT_NAME = "$(TARGET_NAME)";
				TEST_HOST = "$(BUILT_PRODUCTS_DIR)/tippy.app/tippy";
			};
			name = Release;
		};
		A17A3E681D8A687300BE7A9C /* Debug */ = {
			isa = XCBuildConfiguration;
			buildSettings = {
				INFOPLIST_FILE = tippyUITests/Info.plist;
				LD_RUNPATH_SEARCH_PATHS = "$(inherited) @executable_path/Frameworks @loader_path/Frameworks";
				PRODUCT_BUNDLE_IDENTIFIER = chenrangong.tippyUITests;
				PRODUCT_NAME = "$(TARGET_NAME)";
				TEST_TARGET_NAME = tippy;
			};
			name = Debug;
		};
		A17A3E691D8A687300BE7A9C /* Release */ = {
			isa = XCBuildConfiguration;
			buildSettings = {
				INFOPLIST_FILE = tippyUITests/Info.plist;
				LD_RUNPATH_SEARCH_PATHS = "$(inherited) @executable_path/Frameworks @loader_path/Frameworks";
				PRODUCT_BUNDLE_IDENTIFIER = chenrangong.tippyUITests;
				PRODUCT_NAME = "$(TARGET_NAME)";
				TEST_TARGET_NAME = tippy;
			};
			name = Release;
		};
/* End XCBuildConfiguration section */

/* Begin XCConfigurationList section */
		A17A3E341D8A687200BE7A9C /* Build configuration list for PBXProject "tippy" */ = {
			isa = XCConfigurationList;
			buildConfigurations = (
				A17A3E5F1D8A687300BE7A9C /* Debug */,
				A17A3E601D8A687300BE7A9C /* Release */,
			);
			defaultConfigurationIsVisible = 0;
			defaultConfigurationName = Release;
		};
		A17A3E611D8A687300BE7A9C /* Build configuration list for PBXNativeTarget "tippy" */ = {
			isa = XCConfigurationList;
			buildConfigurations = (
				A17A3E621D8A687300BE7A9C /* Debug */,
				A17A3E631D8A687300BE7A9C /* Release */,
			);
			defaultConfigurationIsVisible = 0;
		};
		A17A3E641D8A687300BE7A9C /* Build configuration list for PBXNativeTarget "tippyTests" */ = {
			isa = XCConfigurationList;
			buildConfigurations = (
				A17A3E651D8A687300BE7A9C /* Debug */,
				A17A3E661D8A687300BE7A9C /* Release */,
			);
			defaultConfigurationIsVisible = 0;
		};
		A17A3E671D8A687300BE7A9C /* Build configuration list for PBXNativeTarget "tippyUITests" */ = {
			isa = XCConfigurationList;
			buildConfigurations = (
				A17A3E681D8A687300BE7A9C /* Debug */,
				A17A3E691D8A687300BE7A9C /* Release */,
			);
			defaultConfigurationIsVisible = 0;
		};
/* End XCConfigurationList section */
	};
	rootObject = A17A3E311D8A687200BE7A9C /* Project object */;
}
